
Microsoft Visual Studio Solution File, Format Version 12.00
# Visual Studio Version 17
VisualStudioVersion = 17.0.32112.339
MinimumVisualStudioVersion = 10.0.40219.1
Project("{8BC9CEB8-8B4A-11D0-8D11-00A0C91BC942}") = "Collections", "Collections.vcxproj", "{1E8C1918-B934-44C2-8D64-12BDEE86FF32}"
EndProject
Global
	GlobalSection(SolutionConfigurationPlatforms) = preSolution
		Debug|x64 = Debug|x64
		Debug|x86 = Debug|x86
		Release|x64 = Release|x64
		Release|x86 = Release|x86
	EndGlobalSection
	GlobalSection(ProjectConfigurationPlatforms) = postSolution
		{1E8C1918-B934-44C2-8D64-12BDEE86FF32}.Debug|x64.ActiveCfg = Debug|x64
		{1E8C1918-B934-44C2-8D64-12BDEE86FF32}.Debug|x64.Build.0 = Debug|x64
		{1E8C1918-B934-44C2-8D64-12BDEE86FF32}.Debug|x86.ActiveCfg = Debug|Win32
		{1E8C1918-B934-44C2-8D64-12BDEE86FF32}.Debug|x86.Build.0 = Debug|Win32
		{1E8C1918-B934-44C2-8D64-12BDEE86FF32}.Release|x64.ActiveCfg = Release|x64
		{1E8C1918-B934-44C2-8D64-12BDEE86FF32}.Release|x64.Build.0 = Release|x64
		{1E8C1918-B934-44C2-8D64-12BDEE86FF32}.Release|x86.ActiveCfg = Release|Win32
		{1E8C1918-B934-44C2-8D64-12BDEE86FF32}.Release|x86.Build.0 = Release|Win32
	EndGlobalSection
	GlobalSection(SolutionProperties) = preSolution
		HideSolutionNode = FALSE
	EndGlobalSection
	GlobalSection(ExtensibilityGlobals) = postSolution
		SolutionGuid = {6BC7356E-6C5E-4507-A274-195BC8754CEF}
	EndGlobalSection
EndGlobal
